<Solution>
  <Folder Name="/scripts/">
    <Project Path="scripts/Kioku.Ci/Kioku.Ci.csproj" />
    <Project Path="scripts/Kioku.Eval/Kioku.Eval.csproj" />
  </Folder>
  <Folder Name="/src/">
    <Project Path="src/Kioku.Mcp.Server.Tests/Kioku.Mcp.Server.Tests.csproj" />
    <Project Path="src/Kioku.Mcp.Server/Kioku.Mcp.Server.csproj" />
  </Folder>
</Solution>
